// !$*UTF8*$!
{
	archiveVersion = 1;
	classes = {
	};
	objectVersion = 46;
	objects = {

/* Begin PBXBuildFile section */
		C45D48091B89075D00A22A15 /* AppDelegate.swift in Sources */ = {isa = PBXBuildFile; fileRef = C45D48081B89075D00A22A15 /* AppDelegate.swift */; };
		C45D480B1B89075D00A22A15 /* ViewController.swift in Sources */ = {isa = PBXBuildFile; fileRef = C45D480A1B89075D00A22A15 /* ViewController.swift */; };
		C45D480E1B89075D00A22A15 /* Main.storyboard in Resources */ = {isa = PBXBuildFile; fileRef = C45D480C1B89075D00A22A15 /* Main.storyboard */; };
		C45D48101B89075D00A22A15 /* Images.xcassets in Resources */ = {isa = PBXBuildFile; fileRef = C45D480F1B89075D00A22A15 /* Images.xcassets */; };
		C45D48131B89075D00A22A15 /* LaunchScreen.xib in Resources */ = {isa = PBXBuildFile; fileRef = C45D48111B89075D00A22A15 /* LaunchScreen.xib */; };
		C45D481F1B89075D00A22A15 /* Dogs_AgeTests.swift in Sources */ = {isa = PBXBuildFile; fileRef = C45D481E1B89075D00A22A15 /* Dogs_AgeTests.swift */; };
/* End PBXBuildFile section */

/* Begin PBXContainerItemProxy section */
		C45D48191B89075D00A22A15 /* PBXContainerItemProxy */ = {
			isa = PBXContainerItemProxy;
			containerPortal = C45D47FB1B89075D00A22A15 /* Project object */;
			proxyType = 1;
			remoteGlobalIDString = C45D48021B89075D00A22A15;
			remoteInfo = "Dogs Age";
		};
/* End PBXContainerItemProxy section */

/* Begin PBXFileReference section */
		C45D48031B89075D00A22A15 /* Dogs Age.app */ = {isa = PBXFileReference; explicitFileType = wrapper.application; includeInIndex = 0; path = "Dogs Age.app"; sourceTree = BUILT_PRODUCTS_DIR; };
		C45D48071B89075D00A22A15 /* Info.plist */ = {isa = PBXFileReference; lastKnownFileType = text.plist.xml; path = Info.plist; sourceTree = "<group>"; };
		C45D48081B89075D00A22A15 /* AppDelegate.swift */ = {isa = PBXFileReference; lastKnownFileType = sourcecode.swift; path = AppDelegate.swift; sourceTree = "<group>"; };
		C45D480A1B89075D00A22A15 /* ViewController.swift */ = {isa = PBXFileReference; lastKnownFileType = sourcecode.swift; path = ViewController.swift; sourceTree = "<group>"; };
		C45D480D1B89075D00A22A15 /* Base */ = {isa = PBXFileReference; lastKnownFileType = file.storyboard; name = Base; path = Base.lproj/Main.storyboard; sourceTree = "<group>"; };
		C45D480F1B89075D00A22A15 /* Images.xcassets */ = {isa = PBXFileReference; lastKnownFileType = folder.assetcatalog; path = Images.xcassets; sourceTree = "<group>"; };
		C45D48121B89075D00A22A15 /* Base */ = {isa = PBXFileReference; lastKnownFileType = file.xib; name = Base; path = Base.lproj/LaunchScreen.xib; sourceTree = "<group>"; };
		C45D48181B89075D00A22A15 /* Dogs AgeTests.xctest */ = {isa = PBXFileReference; explicitFileType = wrapper.cfbundle; includeInIndex = 0; path = "Dogs AgeTests.xctest"; sourceTree = BUILT_PRODUCTS_DIR; };
		C45D481D1B89075D00A22A15 /* Info.plist */ = {isa = PBXFileReference; lastKnownFileType = text.plist.xml; path = Info.plist; sourceTree = "<group>"; };
		C45D481E1B89075D00A22A15 /* Dogs_AgeTests.swift */ = {isa = PBXFileReference; lastKnownFileType = sourcecode.swift; path = Dogs_AgeTests.swift; sourceTree = "<group>"; };
/* End PBXFileReference section */

/* Begin PBXFrameworksBuildPhase section */
		C45D48001B89075D00A22A15 /* Frameworks */ = {
			isa = PBXFrameworksBuildPhase;
			buildActionMask = 2147483647;
			files = (
			);
			runOnlyForDeploymentPostprocessing = 0;
		};
		C45D48151B89075D00A22A15 /* Frameworks */ = {
			isa = PBXFrameworksBuildPhase;
			buildActionMask = 2147483647;
			files = (
			);
			runOnlyForDeploymentPostprocessing = 0;
		};
/* End PBXFrameworksBuildPhase section */

/* Begin PBXGroup section */
		C45D47FA1B89075D00A22A15 = {
			isa = PBXGroup;
			children = (
				C45D48051B89075D00A22A15 /* Dogs Age */,
				C45D481B1B89075D00A22A15 /* Dogs AgeTests */,
				C45D48041B89075D00A22A15 /* Products */,
			);
			sourceTree = "<group>";
		};
		C45D48041B89075D00A22A15 /* Products */ = {
			isa = PBXGroup;
			children = (
				C45D48031B89075D00A22A15 /* Dogs Age.app */,
				C45D48181B89075D00A22A15 /* Dogs AgeTests.xctest */,
			);
			name = Products;
			sourceTree = "<group>";
		};
		C45D48051B89075D00A22A15 /* Dogs Age */ = {
			isa = PBXGroup;
			children = (
				C45D48081B89075D00A22A15 /* AppDelegate.swift */,
				C45D480A1B89075D00A22A15 /* ViewController.swift */,
				C45D480C1B89075D00A22A15 /* Main.storyboard */,
				C45D480F1B89075D00A22A15 /* Images.xcassets */,
				C45D48111B89075D00A22A15 /* LaunchScreen.xib */,
				C45D48061B89075D00A22A15 /* Supporting Files */,
			);
			path = "Dogs Age";
			sourceTree = "<group>";
		};
		C45D48061B89075D00A22A15 /* Supporting Files */ = {
			isa = PBXGroup;
			children = (
				C45D48071B89075D00A22A15 /* Info.plist */,
			);
			name = "Supporting Files";
			sourceTree = "<group>";
		};
		C45D481B1B89075D00A22A15 /* Dogs AgeTests */ = {
			isa = PBXGroup;
			children = (
				C45D481E1B89075D00A22A15 /* Dogs_AgeTests.swift */,
				C45D481C1B89075D00A22A15 /* Supporting Files */,
			);
			path = "Dogs AgeTests";
			sourceTree = "<group>";
		};
		C45D481C1B89075D00A22A15 /* Supporting Files */ = {
			isa = PBXGroup;
			children = (
				C45D481D1B89075D00A22A15 /* Info.plist */,
			);
			name = "Supporting Files";
			sourceTree = "<group>";
		};
/* End PBXGroup section */

/* Begin PBXNativeTarget section */
		C45D48021B89075D00A22A15 /* Dogs Age */ = {
			isa = PBXNativeTarget;
			buildConfigurationList = C45D48221B89075D00A22A15 /* Build configuration list for PBXNativeTarget "Dogs Age" */;
			buildPhases = (
				C45D47FF1B89075D00A22A15 /* Sources */,
				C45D48001B89075D00A22A15 /* Frameworks */,
				C45D48011B89075D00A22A15 /* Resources */,
			);
			buildRules = (
			);
			dependencies = (
			);
			name = "Dogs Age";
			productName = "Dogs Age";
			productReference = C45D48031B89075D00A22A15 /* Dogs Age.app */;
			productType = "com.apple.product-type.application";
		};
		C45D48171B89075D00A22A15 /* Dogs AgeTests */ = {
			isa = PBXNativeTarget;
			buildConfigurationList = C45D48251B89075D00A22A15 /* Build configuration list for PBXNativeTarget "Dogs AgeTests" */;
			buildPhases = (
				C45D48141B89075D00A22A15 /* Sources */,
				C45D48151B89075D00A22A15 /* Frameworks */,
				C45D48161B89075D00A22A15 /* Resources */,
			);
			buildRules = (
			);
			dependencies = (
				C45D481A1B89075D00A22A15 /* PBXTargetDependency */,
			);
			name = "Dogs AgeTests";
			productName = "Dogs AgeTests";
			productReference = C45D48181B89075D00A22A15 /* Dogs AgeTests.xctest */;
			productType = "com.apple.product-type.bundle.unit-test";
		};
/* End PBXNativeTarget section */

/* Begin PBXProject section */
		C45D47FB1B89075D00A22A15 /* Project object */ = {
			isa = PBXProject;
			attributes = {
				LastUpgradeCheck = 0640;
				ORGANIZATIONNAME = "Zach Bundarin";
				TargetAttributes = {
					C45D48021B89075D00A22A15 = {
						CreatedOnToolsVersion = 6.4;
					};
					C45D48171B89075D00A22A15 = {
						CreatedOnToolsVersion = 6.4;
						TestTargetID = C45D48021B89075D00A22A15;
					};
				};
			};
			buildConfigurationList = C45D47FE1B89075D00A22A15 /* Build configuration list for PBXProject "Dogs Age" */;
			compatibilityVersion = "Xcode 3.2";
			developmentRegion = English;
			hasScannedForEncodings = 0;
			knownRegions = (
				en,
				Base,
			);
			mainGroup = C45D47FA1B89075D00A22A15;
			productRefGroup = C45D48041B89075D00A22A15 /* Products */;
			projectDirPath = "";
			projectRoot = "";
			targets = (
				C45D48021B89075D00A22A15 /* Dogs Age */,
				C45D48171B89075D00A22A15 /* Dogs AgeTests */,
			);
		};
/* End PBXProject section */

/* Begin PBXResourcesBuildPhase section */
		C45D48011B89075D00A22A15 /* Resources */ = {
			isa = PBXResourcesBuildPhase;
			buildActionMask = 2147483647;
			files = (
				C45D480E1B89075D00A22A15 /* Main.storyboard in Resources */,
				C45D48131B89075D00A22A15 /* LaunchScreen.xib in Resources */,
				C45D48101B89075D00A22A15 /* Images.xcassets in Resources */,
			);
			runOnlyForDeploymentPostprocessing = 0;
		};
		C45D48161B89075D00A22A15 /* Resources */ = {
			isa = PBXResourcesBuildPhase;
			buildActionMask = 2147483647;
			files = (
			);
			runOnlyForDeploymentPostprocessing = 0;
		};
/* End PBXResourcesBuildPhase section */

/* Begin PBXSourcesBuildPhase section */
		C45D47FF1B89075D00A22A15 /* Sources */ = {
			isa = PBXSourcesBuildPhase;
			buildActionMask = 2147483647;
			files = (
				C45D480B1B89075D00A22A15 /* ViewController.swift in Sources */,
				C45D48091B89075D00A22A15 /* AppDelegate.swift in Sources */,
			);
			runOnlyForDeploymentPostprocessing = 0;
		};
		C45D48141B89075D00A22A15 /* Sources */ = {
			isa = PBXSourcesBuildPhase;
			buildActionMask = 2147483647;
			files = (
				C45D481F1B89075D00A22A15 /* Dogs_AgeTests.swift in Sources */,
			);
			runOnlyForDeploymentPostprocessing = 0;
		};
/* End PBXSourcesBuildPhase section */

/* Begin PBXTargetDependency section */
		C45D481A1B89075D00A22A15 /* PBXTargetDependency */ = {
			isa = PBXTargetDependency;
			target = C45D48021B89075D00A22A15 /* Dogs Age */;
			targetProxy = C45D48191B89075D00A22A15 /* PBXContainerItemProxy */;
		};
/* End PBXTargetDependency section */

/* Begin PBXVariantGroup section */
		C45D480C1B89075D00A22A15 /* Main.storyboard */ = {
			isa = PBXVariantGroup;
			children = (
				C45D480D1B89075D00A22A15 /* Base */,
			);
			name = Main.storyboard;
			sourceTree = "<group>";
		};
		C45D48111B89075D00A22A15 /* LaunchScreen.xib */ = {
			isa = PBXVariantGroup;
			children = (
				C45D48121B89075D00A22A15 /* Base */,
			);
			name = LaunchScreen.xib;
			sourceTree = "<group>";
		};
/* End PBXVariantGroup section */

/* Begin XCBuildConfiguration section */
		C45D48201B89075D00A22A15 /* Debug */ = {
			isa = XCBuildConfiguration;
			buildSettings = {
				ALWAYS_SEARCH_USER_PATHS = NO;
				CLANG_CXX_LANGUAGE_STANDARD = "gnu++0x";
				CLANG_CXX_LIBRARY = "libc++";
				CLANG_ENABLE_MODULES = YES;
				CLANG_ENABLE_OBJC_ARC = YES;
				CLANG_WARN_BOOL_CONVERSION = YES;
				CLANG_WARN_CONSTANT_CONVERSION = YES;
				CLANG_WARN_DIRECT_OBJC_ISA_USAGE = YES_ERROR;
				CLANG_WARN_EMPTY_BODY = YES;
				CLANG_WARN_ENUM_CONVERSION = YES;
				CLANG_WARN_INT_CONVERSION = YES;
				CLANG_WARN_OBJC_ROOT_CLASS = YES_ERROR;
				CLANG_WARN_UNREACHABLE_CODE = YES;
				CLANG_WARN__DUPLICATE_METHOD_MATCH = YES;
				"CODE_SIGN_IDENTITY[sdk=iphoneos*]" = "iPhone Developer";
				COPY_PHASE_STRIP = NO;
				DEBUG_INFORMATION_FORMAT = "dwarf-with-dsym";
				ENABLE_STRICT_OBJC_MSGSEND = YES;
				GCC_C_LANGUAGE_STANDARD = gnu99;
				GCC_DYNAMIC_NO_PIC = NO;
				GCC_NO_COMMON_BLOCKS = YES;
				GCC_OPTIMIZATION_LEVEL = 0;
				GCC_PREPROCESSOR_DEFINITIONS = (
					"DEBUG=1",
					"$(inherited)",
				);
				GCC_SYMBOLS_PRIVATE_EXTERN = NO;
				GCC_WARN_64_TO_32_BIT_CONVERSION = YES;
				GCC_WARN_ABOUT_RETURN_TYPE = YES_ERROR;
				GCC_WARN_UNDECLARED_SELECTOR = YES;
				GCC_WARN_UNINITIALIZED_AUTOS = YES_AGGRESSIVE;
				GCC_WARN_UNUSED_FUNCTION = YES;
				GCC_WARN_UNUSED_VARIABLE = YES;
				IPHONEOS_DEPLOYMENT_TARGET = 8.4;
				MTL_ENABLE_DEBUG_INFO = YES;
				ONLY_ACTIVE_ARCH = YES;
				SDKROOT = iphoneos;
				SWIFT_OPTIMIZATION_LEVEL = "-Onone";
			};
			name = Debug;
		};
		C45D48211B89075D00A22A15 /* Release */ = {
			isa = XCBuildConfiguration;
			buildSettings = {
				ALWAYS_SEARCH_USER_PATHS = NO;
				CLANG_CXX_LANGUAGE_STANDARD = "gnu++0x";
				CLANG_CXX_LIBRARY = "libc++";
				CLANG_ENABLE_MODULES = YES;
				CLANG_ENABLE_OBJC_ARC = YES;
				CLANG_WARN_BOOL_CONVERSION = YES;
				CLANG_WARN_CONSTANT_CONVERSION = YES;
				CLANG_WARN_DIRECT_OBJC_ISA_USAGE = YES_ERROR;
				CLANG_WARN_EMPTY_BODY = YES;
				CLANG_WARN_ENUM_CONVERSION = YES;
				CLANG_WARN_INT_CONVERSION = YES;
				CLANG_WARN_OBJC_ROOT_CLASS = YES_ERROR;
				CLANG_WARN_UNREACHABLE_CODE = YES;
				CLANG_WARN__DUPLICATE_METHOD_MATCH = YES;
				"CODE_SIGN_IDENTITY[sdk=iphoneos*]" = "iPhone Developer";
				COPY_PHASE_STRIP = NO;
				DEBUG_INFORMATION_FORMAT = "dwarf-with-dsym";
				ENABLE_NS_ASSERTIONS = NO;
				ENABLE_STRICT_OBJC_MSGSEND = YES;
				GCC_C_LANGUAGE_STANDARD = gnu99;
				GCC_NO_COMMON_BLOCKS = YES;
				GCC_WARN_64_TO_32_BIT_CONVERSION = YES;
				GCC_WARN_ABOUT_RETURN_TYPE = YES_ERROR;
				GCC_WARN_UNDECLARED_SELECTOR = YES;
				GCC_WARN_UNINITIALIZED_AUTOS = YES_AGGRESSIVE;
				GCC_WARN_UNUSED_FUNCTION = YES;
				GCC_WARN_UNUSED_VARIABLE = YES;
				IPHONEOS_DEPLOYMENT_TARGET = 8.4;
				MTL_ENABLE_DEBUG_INFO = NO;
				SDKROOT = iphoneos;
				VALIDATE_PRODUCT = YES;
			};
			name = Release;
		};
		C45D48231B89075D00A22A15 /* Debug */ = {
			isa = XCBuildConfiguration;
			buildSettings = {
				ASSETCATALOG_COMPILER_APPICON_NAME = AppIcon;
				CODE_SIGN_IDENTITY = "iPhone Developer";
				INFOPLIST_FILE = "Dogs Age/Info.plist";
				LD_RUNPATH_SEARCH_PATHS = "$(inherited) @executable_path/Frameworks";
				PRODUCT_NAME = "$(TARGET_NAME)";
			};
			name = Debug;
		};
		C45D48241B89075D00A22A15 /* Release */ = {
			isa = XCBuildConfiguration;
			buildSettings = {
				ASSETCATALOG_COMPILER_APPICON_NAME = AppIcon;
				CODE_SIGN_IDENTITY = "iPhone Developer";
				INFOPLIST_FILE = "Dogs Age/Info.plist";
				LD_RUNPATH_SEARCH_PATHS = "$(inherited) @executable_path/Frameworks";
				PRODUCT_NAME = "$(TARGET_NAME)";
			};
			name = Release;
		};
		C45D48261B89075D00A22A15 /* Debug */ = {
			isa = XCBuildConfiguration;
			buildSettings = {
				BUNDLE_LOADER = "$(TEST_HOST)";
				FRAMEWORK_SEARCH_PATHS = (
					"$(SDKROOT)/Developer/Library/Frameworks",
					"$(inherited)",
				);
				GCC_PREPROCESSOR_DEFINITIONS = (
					"DEBUG=1",
					"$(inherited)",
				);
				INFOPLIST_FILE = "Dogs AgeTests/Info.plist";
				LD_RUNPATH_SEARCH_PATHS = "$(inherited) @executable_path/Frameworks @loader_path/Frameworks";
				PRODUCT_NAME = "$(TARGET_NAME)";
				TEST_HOST = "$(BUILT_PRODUCTS_DIR)/Dogs Age.app/Dogs Age";
			};
			name = Debug;
		};
		C45D48271B89075D00A22A15 /* Release */ = {
			isa = XCBuildConfiguration;
			buildSettings = {
				BUNDLE_LOADER = "$(TEST_HOST)";
				FRAMEWORK_SEARCH_PATHS = (
					"$(SDKROOT)/Developer/Library/Frameworks",
					"$(inherited)",
				);
				INFOPLIST_FILE = "Dogs AgeTests/Info.plist";
				LD_RUNPATH_SEARCH_PATHS = "$(inherited) @executable_path/Frameworks @loader_path/Frameworks";
				PRODUCT_NAME = "$(TARGET_NAME)";
				TEST_HOST = "$(BUILT_PRODUCTS_DIR)/Dogs Age.app/Dogs Age";
			};
			name = Release;
		};
/* End XCBuildConfiguration section */

/* Begin XCConfigurationList section */
		C45D47FE1B89075D00A22A15 /* Build configuration list for PBXProject "Dogs Age" */ = {
			isa = XCConfigurationList;
			buildConfigurations = (
				C45D48201B89075D00A22A15 /* Debug */,
				C45D48211B89075D00A22A15 /* Release */,
			);
			defaultConfigurationIsVisible = 0;
			defaultConfigurationName = Release;
		};
		C45D48221B89075D00A22A15 /* Build configuration list for PBXNativeTarget "Dogs Age" */ = {
			isa = XCConfigurationList;
			buildConfigurations = (
				C45D48231B89075D00A22A15 /* Debug */,
				C45D48241B89075D00A22A15 /* Release */,
			);
			defaultConfigurationIsVisible = 0;
		};
		C45D48251B89075D00A22A15 /* Build configuration list for PBXNativeTarget "Dogs AgeTests" */ = {
			isa = XCConfigurationList;
			buildConfigurations = (
				C45D48261B89075D00A22A15 /* Debug */,
				C45D48271B89075D00A22A15 /* Release */,
			);
			defaultConfigurationIsVisible = 0;
		};
/* End XCConfigurationList section */
	};
	rootObject = C45D47FB1B89075D00A22A15 /* Project object */;
}
