// !$*UTF8*$!
{
	archiveVersion = 1;
	classes = {
	};
	objectVersion = 46;
	objects = {

/* Begin PBXBuildFile section */
		F836FF771B8D2BC500C80D97 /* AppDelegate.swift in Sources */ = {isa = PBXBuildFile; fileRef = F836FF761B8D2BC500C80D97 /* AppDelegate.swift */; };
		F836FF791B8D2BC500C80D97 /* ViewController.swift in Sources */ = {isa = PBXBuildFile; fileRef = F836FF781B8D2BC500C80D97 /* ViewController.swift */; };
		F836FF7C1B8D2BC500C80D97 /* Main.storyboard in Resources */ = {isa = PBXBuildFile; fileRef = F836FF7A1B8D2BC500C80D97 /* Main.storyboard */; };
		F836FF7E1B8D2BC500C80D97 /* Images.xcassets in Resources */ = {isa = PBXBuildFile; fileRef = F836FF7D1B8D2BC500C80D97 /* Images.xcassets */; };
		F836FF811B8D2BC500C80D97 /* LaunchScreen.xib in Resources */ = {isa = PBXBuildFile; fileRef = F836FF7F1B8D2BC500C80D97 /* LaunchScreen.xib */; };
		F836FF8D1B8D2BC500C80D97 /* TapButtonTests.swift in Sources */ = {isa = PBXBuildFile; fileRef = F836FF8C1B8D2BC500C80D97 /* TapButtonTests.swift */; };
/* End PBXBuildFile section */

/* Begin PBXContainerItemProxy section */
		F836FF871B8D2BC500C80D97 /* PBXContainerItemProxy */ = {
			isa = PBXContainerItemProxy;
			containerPortal = F836FF691B8D2BC500C80D97 /* Project object */;
			proxyType = 1;
			remoteGlobalIDString = F836FF701B8D2BC500C80D97;
			remoteInfo = TapButton;
		};
/* End PBXContainerItemProxy section */

/* Begin PBXFileReference section */
		F836FF711B8D2BC500C80D97 /* TapButton.app */ = {isa = PBXFileReference; explicitFileType = wrapper.application; includeInIndex = 0; path = TapButton.app; sourceTree = BUILT_PRODUCTS_DIR; };
		F836FF751B8D2BC500C80D97 /* Info.plist */ = {isa = PBXFileReference; lastKnownFileType = text.plist.xml; path = Info.plist; sourceTree = "<group>"; };
		F836FF761B8D2BC500C80D97 /* AppDelegate.swift */ = {isa = PBXFileReference; lastKnownFileType = sourcecode.swift; path = AppDelegate.swift; sourceTree = "<group>"; };
		F836FF781B8D2BC500C80D97 /* ViewController.swift */ = {isa = PBXFileReference; lastKnownFileType = sourcecode.swift; path = ViewController.swift; sourceTree = "<group>"; };
		F836FF7B1B8D2BC500C80D97 /* Base */ = {isa = PBXFileReference; lastKnownFileType = file.storyboard; name = Base; path = Base.lproj/Main.storyboard; sourceTree = "<group>"; };
		F836FF7D1B8D2BC500C80D97 /* Images.xcassets */ = {isa = PBXFileReference; lastKnownFileType = folder.assetcatalog; path = Images.xcassets; sourceTree = "<group>"; };
		F836FF801B8D2BC500C80D97 /* Base */ = {isa = PBXFileReference; lastKnownFileType = file.xib; name = Base; path = Base.lproj/LaunchScreen.xib; sourceTree = "<group>"; };
		F836FF861B8D2BC500C80D97 /* TapButtonTests.xctest */ = {isa = PBXFileReference; explicitFileType = wrapper.cfbundle; includeInIndex = 0; path = TapButtonTests.xctest; sourceTree = BUILT_PRODUCTS_DIR; };
		F836FF8B1B8D2BC500C80D97 /* Info.plist */ = {isa = PBXFileReference; lastKnownFileType = text.plist.xml; path = Info.plist; sourceTree = "<group>"; };
		F836FF8C1B8D2BC500C80D97 /* TapButtonTests.swift */ = {isa = PBXFileReference; lastKnownFileType = sourcecode.swift; path = TapButtonTests.swift; sourceTree = "<group>"; };
/* End PBXFileReference section */

/* Begin PBXFrameworksBuildPhase section */
		F836FF6E1B8D2BC500C80D97 /* Frameworks */ = {
			isa = PBXFrameworksBuildPhase;
			buildActionMask = 2147483647;
			files = (
			);
			runOnlyForDeploymentPostprocessing = 0;
		};
		F836FF831B8D2BC500C80D97 /* Frameworks */ = {
			isa = PBXFrameworksBuildPhase;
			buildActionMask = 2147483647;
			files = (
			);
			runOnlyForDeploymentPostprocessing = 0;
		};
/* End PBXFrameworksBuildPhase section */

/* Begin PBXGroup section */
		F836FF681B8D2BC500C80D97 = {
			isa = PBXGroup;
			children = (
				F836FF731B8D2BC500C80D97 /* TapButton */,
				F836FF891B8D2BC500C80D97 /* TapButtonTests */,
				F836FF721B8D2BC500C80D97 /* Products */,
			);
			sourceTree = "<group>";
		};
		F836FF721B8D2BC500C80D97 /* Products */ = {
			isa = PBXGroup;
			children = (
				F836FF711B8D2BC500C80D97 /* TapButton.app */,
				F836FF861B8D2BC500C80D97 /* TapButtonTests.xctest */,
			);
			name = Products;
			sourceTree = "<group>";
		};
		F836FF731B8D2BC500C80D97 /* TapButton */ = {
			isa = PBXGroup;
			children = (
				F836FF761B8D2BC500C80D97 /* AppDelegate.swift */,
				F836FF781B8D2BC500C80D97 /* ViewController.swift */,
				F836FF7A1B8D2BC500C80D97 /* Main.storyboard */,
				F836FF7D1B8D2BC500C80D97 /* Images.xcassets */,
				F836FF7F1B8D2BC500C80D97 /* LaunchScreen.xib */,
				F836FF741B8D2BC500C80D97 /* Supporting Files */,
			);
			path = TapButton;
			sourceTree = "<group>";
		};
		F836FF741B8D2BC500C80D97 /* Supporting Files */ = {
			isa = PBXGroup;
			children = (
				F836FF751B8D2BC500C80D97 /* Info.plist */,
			);
			name = "Supporting Files";
			sourceTree = "<group>";
		};
		F836FF891B8D2BC500C80D97 /* TapButtonTests */ = {
			isa = PBXGroup;
			children = (
				F836FF8C1B8D2BC500C80D97 /* TapButtonTests.swift */,
				F836FF8A1B8D2BC500C80D97 /* Supporting Files */,
			);
			path = TapButtonTests;
			sourceTree = "<group>";
		};
		F836FF8A1B8D2BC500C80D97 /* Supporting Files */ = {
			isa = PBXGroup;
			children = (
				F836FF8B1B8D2BC500C80D97 /* Info.plist */,
			);
			name = "Supporting Files";
			sourceTree = "<group>";
		};
/* End PBXGroup section */

/* Begin PBXNativeTarget section */
		F836FF701B8D2BC500C80D97 /* TapButton */ = {
			isa = PBXNativeTarget;
			buildConfigurationList = F836FF901B8D2BC500C80D97 /* Build configuration list for PBXNativeTarget "TapButton" */;
			buildPhases = (
				F836FF6D1B8D2BC500C80D97 /* Sources */,
				F836FF6E1B8D2BC500C80D97 /* Frameworks */,
				F836FF6F1B8D2BC500C80D97 /* Resources */,
			);
			buildRules = (
			);
			dependencies = (
			);
			name = TapButton;
			productName = TapButton;
			productReference = F836FF711B8D2BC500C80D97 /* TapButton.app */;
			productType = "com.apple.product-type.application";
		};
		F836FF851B8D2BC500C80D97 /* TapButtonTests */ = {
			isa = PBXNativeTarget;
			buildConfigurationList = F836FF931B8D2BC500C80D97 /* Build configuration list for PBXNativeTarget "TapButtonTests" */;
			buildPhases = (
				F836FF821B8D2BC500C80D97 /* Sources */,
				F836FF831B8D2BC500C80D97 /* Frameworks */,
				F836FF841B8D2BC500C80D97 /* Resources */,
			);
			buildRules = (
			);
			dependencies = (
				F836FF881B8D2BC500C80D97 /* PBXTargetDependency */,
			);
			name = TapButtonTests;
			productName = TapButtonTests;
			productReference = F836FF861B8D2BC500C80D97 /* TapButtonTests.xctest */;
			productType = "com.apple.product-type.bundle.unit-test";
		};
/* End PBXNativeTarget section */

/* Begin PBXProject section */
		F836FF691B8D2BC500C80D97 /* Project object */ = {
			isa = PBXProject;
			attributes = {
				LastUpgradeCheck = 0640;
				ORGANIZATIONNAME = "Atal Patel";
				TargetAttributes = {
					F836FF701B8D2BC500C80D97 = {
						CreatedOnToolsVersion = 6.4;
					};
					F836FF851B8D2BC500C80D97 = {
						CreatedOnToolsVersion = 6.4;
						TestTargetID = F836FF701B8D2BC500C80D97;
					};
				};
			};
			buildConfigurationList = F836FF6C1B8D2BC500C80D97 /* Build configuration list for PBXProject "TapButton" */;
			compatibilityVersion = "Xcode 3.2";
			developmentRegion = English;
			hasScannedForEncodings = 0;
			knownRegions = (
				en,
				Base,
			);
			mainGroup = F836FF681B8D2BC500C80D97;
			productRefGroup = F836FF721B8D2BC500C80D97 /* Products */;
			projectDirPath = "";
			projectRoot = "";
			targets = (
				F836FF701B8D2BC500C80D97 /* TapButton */,
				F836FF851B8D2BC500C80D97 /* TapButtonTests */,
			);
		};
/* End PBXProject section */

/* Begin PBXResourcesBuildPhase section */
		F836FF6F1B8D2BC500C80D97 /* Resources */ = {
			isa = PBXResourcesBuildPhase;
			buildActionMask = 2147483647;
			files = (
				F836FF7C1B8D2BC500C80D97 /* Main.storyboard in Resources */,
				F836FF811B8D2BC500C80D97 /* LaunchScreen.xib in Resources */,
				F836FF7E1B8D2BC500C80D97 /* Images.xcassets in Resources */,
			);
			runOnlyForDeploymentPostprocessing = 0;
		};
		F836FF841B8D2BC500C80D97 /* Resources */ = {
			isa = PBXResourcesBuildPhase;
			buildActionMask = 2147483647;
			files = (
			);
			runOnlyForDeploymentPostprocessing = 0;
		};
/* End PBXResourcesBuildPhase section */

/* Begin PBXSourcesBuildPhase section */
		F836FF6D1B8D2BC500C80D97 /* Sources */ = {
			isa = PBXSourcesBuildPhase;
			buildActionMask = 2147483647;
			files = (
				F836FF791B8D2BC500C80D97 /* ViewController.swift in Sources */,
				F836FF771B8D2BC500C80D97 /* AppDelegate.swift in Sources */,
			);
			runOnlyForDeploymentPostprocessing = 0;
		};
		F836FF821B8D2BC500C80D97 /* Sources */ = {
			isa = PBXSourcesBuildPhase;
			buildActionMask = 2147483647;
			files = (
				F836FF8D1B8D2BC500C80D97 /* TapButtonTests.swift in Sources */,
			);
			runOnlyForDeploymentPostprocessing = 0;
		};
/* End PBXSourcesBuildPhase section */

/* Begin PBXTargetDependency section */
		F836FF881B8D2BC500C80D97 /* PBXTargetDependency */ = {
			isa = PBXTargetDependency;
			target = F836FF701B8D2BC500C80D97 /* TapButton */;
			targetProxy = F836FF871B8D2BC500C80D97 /* PBXContainerItemProxy */;
		};
/* End PBXTargetDependency section */

/* Begin PBXVariantGroup section */
		F836FF7A1B8D2BC500C80D97 /* Main.storyboard */ = {
			isa = PBXVariantGroup;
			children = (
				F836FF7B1B8D2BC500C80D97 /* Base */,
			);
			name = Main.storyboard;
			sourceTree = "<group>";
		};
		F836FF7F1B8D2BC500C80D97 /* LaunchScreen.xib */ = {
			isa = PBXVariantGroup;
			children = (
				F836FF801B8D2BC500C80D97 /* Base */,
			);
			name = LaunchScreen.xib;
			sourceTree = "<group>";
		};
/* End PBXVariantGroup section */

/* Begin XCBuildConfiguration section */
		F836FF8E1B8D2BC500C80D97 /* Debug */ = {
			isa = XCBuildConfiguration;
			buildSettings = {
				ALWAYS_SEARCH_USER_PATHS = NO;
				CLANG_CXX_LANGUAGE_STANDARD = "gnu++0x";
				CLANG_CXX_LIBRARY = "libc++";
				CLANG_ENABLE_MODULES = YES;
				CLANG_ENABLE_OBJC_ARC = YES;
				CLANG_WARN_BOOL_CONVERSION = YES;
				CLANG_WARN_CONSTANT_CONVERSION = YES;
				CLANG_WARN_DIRECT_OBJC_ISA_USAGE = YES_ERROR;
				CLANG_WARN_EMPTY_BODY = YES;
				CLANG_WARN_ENUM_CONVERSION = YES;
				CLANG_WARN_INT_CONVERSION = YES;
				CLANG_WARN_OBJC_ROOT_CLASS = YES_ERROR;
				CLANG_WARN_UNREACHABLE_CODE = YES;
				CLANG_WARN__DUPLICATE_METHOD_MATCH = YES;
				"CODE_SIGN_IDENTITY[sdk=iphoneos*]" = "iPhone Developer";
				COPY_PHASE_STRIP = NO;
				DEBUG_INFORMATION_FORMAT = "dwarf-with-dsym";
				ENABLE_STRICT_OBJC_MSGSEND = YES;
				GCC_C_LANGUAGE_STANDARD = gnu99;
				GCC_DYNAMIC_NO_PIC = NO;
				GCC_NO_COMMON_BLOCKS = YES;
				GCC_OPTIMIZATION_LEVEL = 0;
				GCC_PREPROCESSOR_DEFINITIONS = (
					"DEBUG=1",
					"$(inherited)",
				);
				GCC_SYMBOLS_PRIVATE_EXTERN = NO;
				GCC_WARN_64_TO_32_BIT_CONVERSION = YES;
				GCC_WARN_ABOUT_RETURN_TYPE = YES_ERROR;
				GCC_WARN_UNDECLARED_SELECTOR = YES;
				GCC_WARN_UNINITIALIZED_AUTOS = YES_AGGRESSIVE;
				GCC_WARN_UNUSED_FUNCTION = YES;
				GCC_WARN_UNUSED_VARIABLE = YES;
				IPHONEOS_DEPLOYMENT_TARGET = 8.4;
				MTL_ENABLE_DEBUG_INFO = YES;
				ONLY_ACTIVE_ARCH = YES;
				SDKROOT = iphoneos;
				SWIFT_OPTIMIZATION_LEVEL = "-Onone";
			};
			name = Debug;
		};
		F836FF8F1B8D2BC500C80D97 /* Release */ = {
			isa = XCBuildConfiguration;
			buildSettings = {
				ALWAYS_SEARCH_USER_PATHS = NO;
				CLANG_CXX_LANGUAGE_STANDARD = "gnu++0x";
				CLANG_CXX_LIBRARY = "libc++";
				CLANG_ENABLE_MODULES = YES;
				CLANG_ENABLE_OBJC_ARC = YES;
				CLANG_WARN_BOOL_CONVERSION = YES;
				CLANG_WARN_CONSTANT_CONVERSION = YES;
				CLANG_WARN_DIRECT_OBJC_ISA_USAGE = YES_ERROR;
				CLANG_WARN_EMPTY_BODY = YES;
				CLANG_WARN_ENUM_CONVERSION = YES;
				CLANG_WARN_INT_CONVERSION = YES;
				CLANG_WARN_OBJC_ROOT_CLASS = YES_ERROR;
				CLANG_WARN_UNREACHABLE_CODE = YES;
				CLANG_WARN__DUPLICATE_METHOD_MATCH = YES;
				"CODE_SIGN_IDENTITY[sdk=iphoneos*]" = "iPhone Developer";
				COPY_PHASE_STRIP = NO;
				DEBUG_INFORMATION_FORMAT = "dwarf-with-dsym";
				ENABLE_NS_ASSERTIONS = NO;
				ENABLE_STRICT_OBJC_MSGSEND = YES;
				GCC_C_LANGUAGE_STANDARD = gnu99;
				GCC_NO_COMMON_BLOCKS = YES;
				GCC_WARN_64_TO_32_BIT_CONVERSION = YES;
				GCC_WARN_ABOUT_RETURN_TYPE = YES_ERROR;
				GCC_WARN_UNDECLARED_SELECTOR = YES;
				GCC_WARN_UNINITIALIZED_AUTOS = YES_AGGRESSIVE;
				GCC_WARN_UNUSED_FUNCTION = YES;
				GCC_WARN_UNUSED_VARIABLE = YES;
				IPHONEOS_DEPLOYMENT_TARGET = 8.4;
				MTL_ENABLE_DEBUG_INFO = NO;
				SDKROOT = iphoneos;
				VALIDATE_PRODUCT = YES;
			};
			name = Release;
		};
		F836FF911B8D2BC500C80D97 /* Debug */ = {
			isa = XCBuildConfiguration;
			buildSettings = {
				ASSETCATALOG_COMPILER_APPICON_NAME = AppIcon;
				INFOPLIST_FILE = TapButton/Info.plist;
				LD_RUNPATH_SEARCH_PATHS = "$(inherited) @executable_path/Frameworks";
				PRODUCT_NAME = "$(TARGET_NAME)";
			};
			name = Debug;
		};
		F836FF921B8D2BC500C80D97 /* Release */ = {
			isa = XCBuildConfiguration;
			buildSettings = {
				ASSETCATALOG_COMPILER_APPICON_NAME = AppIcon;
				INFOPLIST_FILE = TapButton/Info.plist;
				LD_RUNPATH_SEARCH_PATHS = "$(inherited) @executable_path/Frameworks";
				PRODUCT_NAME = "$(TARGET_NAME)";
			};
			name = Release;
		};
		F836FF941B8D2BC500C80D97 /* Debug */ = {
			isa = XCBuildConfiguration;
			buildSettings = {
				BUNDLE_LOADER = "$(TEST_HOST)";
				FRAMEWORK_SEARCH_PATHS = (
					"$(SDKROOT)/Developer/Library/Frameworks",
					"$(inherited)",
				);
				GCC_PREPROCESSOR_DEFINITIONS = (
					"DEBUG=1",
					"$(inherited)",
				);
				INFOPLIST_FILE = TapButtonTests/Info.plist;
				LD_RUNPATH_SEARCH_PATHS = "$(inherited) @executable_path/Frameworks @loader_path/Frameworks";
				PRODUCT_NAME = "$(TARGET_NAME)";
				TEST_HOST = "$(BUILT_PRODUCTS_DIR)/TapButton.app/TapButton";
			};
			name = Debug;
		};
		F836FF951B8D2BC500C80D97 /* Release */ = {
			isa = XCBuildConfiguration;
			buildSettings = {
				BUNDLE_LOADER = "$(TEST_HOST)";
				FRAMEWORK_SEARCH_PATHS = (
					"$(SDKROOT)/Developer/Library/Frameworks",
					"$(inherited)",
				);
				INFOPLIST_FILE = TapButtonTests/Info.plist;
				LD_RUNPATH_SEARCH_PATHS = "$(inherited) @executable_path/Frameworks @loader_path/Frameworks";
				PRODUCT_NAME = "$(TARGET_NAME)";
				TEST_HOST = "$(BUILT_PRODUCTS_DIR)/TapButton.app/TapButton";
			};
			name = Release;
		};
/* End XCBuildConfiguration section */

/* Begin XCConfigurationList section */
		F836FF6C1B8D2BC500C80D97 /* Build configuration list for PBXProject "TapButton" */ = {
			isa = XCConfigurationList;
			buildConfigurations = (
				F836FF8E1B8D2BC500C80D97 /* Debug */,
				F836FF8F1B8D2BC500C80D97 /* Release */,
			);
			defaultConfigurationIsVisible = 0;
			defaultConfigurationName = Release;
		};
		F836FF901B8D2BC500C80D97 /* Build configuration list for PBXNativeTarget "TapButton" */ = {
			isa = XCConfigurationList;
			buildConfigurations = (
				F836FF911B8D2BC500C80D97 /* Debug */,
				F836FF921B8D2BC500C80D97 /* Release */,
			);
			defaultConfigurationIsVisible = 0;
		};
		F836FF931B8D2BC500C80D97 /* Build configuration list for PBXNativeTarget "TapButtonTests" */ = {
			isa = XCConfigurationList;
			buildConfigurations = (
				F836FF941B8D2BC500C80D97 /* Debug */,
				F836FF951B8D2BC500C80D97 /* Release */,
			);
			defaultConfigurationIsVisible = 0;
		};
/* End XCConfigurationList section */
	};
	rootObject = F836FF691B8D2BC500C80D97 /* Project object */;
}
